{
  "nodes": {
    "flake-utils": {
      "locked": {
        "lastModified": 1653893745,
        "narHash": "sha256-0jntwV3Z8//YwuOjzhV2sgJJPt+HY6KhU7VZUL0fKZQ=",
        "owner": "numtide",
        "repo": "flake-utils",
        "rev": "1ed9fb1935d260de5fe1c2f7ee0ebaae17ed2fa1",
        "type": "github"
      },
      "original": {
        "owner": "numtide",
        "repo": "flake-utils",
        "type": "github"
      }
    },
    "flake-utils_2": {
      "locked": {
        "lastModified": 1653893745,
        "narHash": "sha256-0jntwV3Z8//YwuOjzhV2sgJJPt+HY6KhU7VZUL0fKZQ=",
        "owner": "numtide",
        "repo": "flake-utils",
        "rev": "1ed9fb1935d260de5fe1c2f7ee0ebaae17ed2fa1",
        "type": "github"
      },
      "original": {
        "owner": "numtide",
        "repo": "flake-utils",
        "type": "github"
      }
    },
    "flake-utils_3": {
      "locked": {
        "lastModified": 1652776076,
        "narHash": "sha256-gzTw/v1vj4dOVbpBSJX4J0DwUR6LIyXo7/SuuTJp1kM=",
        "owner": "numtide",
        "repo": "flake-utils",
        "rev": "04c1b180862888302ddfb2e3ad9eaa63afc60cf8",
        "type": "github"
      },
      "original": {
        "owner": "numtide",
        "repo": "flake-utils",
        "type": "github"
      }
    },
    "flake-utils_4": {
      "locked": {
        "lastModified": 1652776076,
        "narHash": "sha256-gzTw/v1vj4dOVbpBSJX4J0DwUR6LIyXo7/SuuTJp1kM=",
        "owner": "numtide",
        "repo": "flake-utils",
        "rev": "04c1b180862888302ddfb2e3ad9eaa63afc60cf8",
        "type": "github"
      },
      "original": {
        "owner": "numtide",
        "repo": "flake-utils",
        "type": "github"
      }
    },
    "nix-documents": {
      "inputs": {
        "flake-utils": "flake-utils_2",
        "nix-utils": "nix-utils",
        "nixpkgs": "nixpkgs_2"
      },
      "locked": {
        "lastModified": 0,
        "narHash": "sha256-N3fFA5bjvsxjl6X/eS3ETK4Nxk7/7ZBv6pHO790cSpk=",
        "path": "/nix/store/7gfgkbn8jzk8n6dq9mn70dwayablxn3g-source",
        "type": "path"
      },
      "original": {
        "path": "/nix/store/7gfgkbn8jzk8n6dq9mn70dwayablxn3g-source",
        "type": "path"
      }
    },
    "nix-utils": {
      "inputs": {
        "flake-utils": "flake-utils_3",
        "nixpkgs": "nixpkgs"
      },
      "locked": {
        "lastModified": 1655250261,
        "narHash": "sha256-DNbH6kPWjjaWucv5NdHovfCl57Yn5O/HMAgmU2qoOBE=",
        "owner": "charmoniumQ",
        "repo": "nix-utils",
        "rev": "5751521e6b789a911f475d5c2f7fd4abd063fb77",
        "type": "github"
      },
      "original": {
        "owner": "charmoniumQ",
        "repo": "nix-utils",
        "type": "github"
      }
    },
    "nix-utils_2": {
      "inputs": {
        "flake-utils": "flake-utils_4",
        "nixpkgs": "nixpkgs_3"
      },
      "locked": {
        "lastModified": 1655250261,
        "narHash": "sha256-DNbH6kPWjjaWucv5NdHovfCl57Yn5O/HMAgmU2qoOBE=",
        "owner": "charmoniumQ",
        "repo": "nix-utils",
        "rev": "5751521e6b789a911f475d5c2f7fd4abd063fb77",
        "type": "github"
      },
      "original": {
        "owner": "charmoniumQ",
        "repo": "nix-utils",
        "type": "github"
      }
    },
    "nixpkgs": {
      "locked": {
        "lastModified": 1653326962,
        "narHash": "sha256-W8feCYqKTsMre4nAEpv5Kx1PVFC+hao/LwqtB2Wci/8=",
        "owner": "NixOS",
        "repo": "nixpkgs",
        "rev": "41cc1d5d9584103be4108c1815c350e07c807036",
        "type": "github"
      },
      "original": {
        "id": "nixpkgs",
        "type": "indirect"
      }
    },
    "nixpkgs_2": {
      "locked": {
        "lastModified": 1655481042,
        "narHash": "sha256-XHbcywq2vIQ5CeH1OK3TN793jkiNAAZsSctS1PFgseo=",
        "owner": "NixOS",
        "repo": "nixpkgs",
        "rev": "103a4c0ae46afa9cf008c30744175315ca38e9f9",
        "type": "github"
      },
      "original": {
        "id": "nixpkgs",
        "type": "indirect"
      }
    },
    "nixpkgs_3": {
      "locked": {
        "lastModified": 1653326962,
        "narHash": "sha256-W8feCYqKTsMre4nAEpv5Kx1PVFC+hao/LwqtB2Wci/8=",
        "owner": "NixOS",
        "repo": "nixpkgs",
        "rev": "41cc1d5d9584103be4108c1815c350e07c807036",
        "type": "github"
      },
      "original": {
        "id": "nixpkgs",
        "type": "indirect"
      }
    },
    "nixpkgs_4": {
      "locked": {
        "lastModified": 1655481042,
        "narHash": "sha256-XHbcywq2vIQ5CeH1OK3TN793jkiNAAZsSctS1PFgseo=",
        "owner": "NixOS",
        "repo": "nixpkgs",
        "rev": "103a4c0ae46afa9cf008c30744175315ca38e9f9",
        "type": "github"
      },
      "original": {
        "id": "nixpkgs",
        "type": "indirect"
      }
    },
    "root": {
      "inputs": {
        "flake-utils": "flake-utils",
        "nix-documents": "nix-documents",
        "nix-utils": "nix-utils_2",
        "nixpkgs": "nixpkgs_4"
      }
    }
  },
  "root": "root",
  "version": 7
}
